
Microsoft Visual Studio Solution File, Format Version 12.00
# Visual Studio Version 17
VisualStudioVersion = 17.7.34018.315
MinimumVisualStudioVersion = 10.0.40219.1
Project("{9A19103F-16F7-4668-BE54-9A1E7A4F7556}") = "WebApplication-test", "WebApplication-test\WebApplication-test.csproj", "{18744566-D64E-42AA-A500-F7C5387254EE}"
EndProject
Global
	GlobalSection(SolutionConfigurationPlatforms) = preSolution
		Debug|Any CPU = Debug|Any CPU
		Release|Any CPU = Release|Any CPU
	EndGlobalSection
	GlobalSection(ProjectConfigurationPlatforms) = postSolution
		{18744566-D64E-42AA-A500-F7C5387254EE}.Debug|Any CPU.ActiveCfg = Debug|Any CPU
		{18744566-D64E-42AA-A500-F7C5387254EE}.Debug|Any CPU.Build.0 = Debug|Any CPU
		{18744566-D64E-42AA-A500-F7C5387254EE}.Release|Any CPU.ActiveCfg = Release|Any CPU
		{18744566-D64E-42AA-A500-F7C5387254EE}.Release|Any CPU.Build.0 = Release|Any CPU
	EndGlobalSection
	GlobalSection(SolutionProperties) = preSolution
		HideSolutionNode = FALSE
	EndGlobalSection
	GlobalSection(ExtensibilityGlobals) = postSolution
		SolutionGuid = {E822B788-43EC-48A3-8813-CCA9C7EC7CF9}
	EndGlobalSection
EndGlobal
